
Microsoft Visual Studio Solution File, Format Version 12.00
# Visual Studio Version 17
VisualStudioVersion = 17.10.35027.167
MinimumVisualStudioVersion = 10.0.40219.1
Project("{FAE04EC0-301F-11D3-BF4B-00C04F79EFBC}") = "SudokuSolver", "SudokuSolver\SudokuSolver.csproj", "{D86D1AC6-4533-48CA-8672-4623540DB778}"
EndProject
Project("{FAE04EC0-301F-11D3-BF4B-00C04F79EFBC}") = "SudokuSolver.Tests", "SudokuSolver.Tests\SudokuSolver.Tests.csproj", "{2B0B57F7-B6F8-4370-A865-A9BC46149A37}"
EndProject
Global
	GlobalSection(SolutionConfigurationPlatforms) = preSolution
		Debug|Any CPU = Debug|Any CPU
		Release|Any CPU = Release|Any CPU
	EndGlobalSection
	GlobalSection(ProjectConfigurationPlatforms) = postSolution
		{D86D1AC6-4533-48CA-8672-4623540DB778}.Debug|Any CPU.ActiveCfg = Debug|Any CPU
		{D86D1AC6-4533-48CA-8672-4623540DB778}.Debug|Any CPU.Build.0 = Debug|Any CPU
		{D86D1AC6-4533-48CA-8672-4623540DB778}.Release|Any CPU.ActiveCfg = Release|Any CPU
		{D86D1AC6-4533-48CA-8672-4623540DB778}.Release|Any CPU.Build.0 = Release|Any CPU
		{2B0B57F7-B6F8-4370-A865-A9BC46149A37}.Debug|Any CPU.ActiveCfg = Debug|Any CPU
		{2B0B57F7-B6F8-4370-A865-A9BC46149A37}.Debug|Any CPU.Build.0 = Debug|Any CPU
		{2B0B57F7-B6F8-4370-A865-A9BC46149A37}.Release|Any CPU.ActiveCfg = Release|Any CPU
		{2B0B57F7-B6F8-4370-A865-A9BC46149A37}.Release|Any CPU.Build.0 = Release|Any CPU
	EndGlobalSection
	GlobalSection(SolutionProperties) = preSolution
		HideSolutionNode = FALSE
	EndGlobalSection
	GlobalSection(ExtensibilityGlobals) = postSolution
		SolutionGuid = {CA126F84-DED3-4DFA-BC5D-F1E824A7A0D7}
	EndGlobalSection
EndGlobal
